
Microsoft Visual Studio Solution File, Format Version 12.00
# Visual Studio Version 17
VisualStudioVersion = 17.1.32421.90
MinimumVisualStudioVersion = 10.0.40219.1
Project("{9A19103F-16F7-4668-BE54-9A1E7A4F7556}") = "PlatformApp", "PlatformApp.csproj", "{CECC366B-76F2-4C95-BE6D-9040D32F2EEC}"
EndProject
Project("{FAE04EC0-301F-11D3-BF4B-00C04F79EFBC}") = "Contracts", "..\..\Contracts\Contracts\Contracts.csproj", "{F5D2D45D-C229-45CC-8E68-D59BF269A548}"
EndProject
Global
	GlobalSection(SolutionConfigurationPlatforms) = preSolution
		Debug|Any CPU = Debug|Any CPU
		Release|Any CPU = Release|Any CPU
	EndGlobalSection
	GlobalSection(ProjectConfigurationPlatforms) = postSolution
		{CECC366B-76F2-4C95-BE6D-9040D32F2EEC}.Debug|Any CPU.ActiveCfg = Debug|Any CPU
		{CECC366B-76F2-4C95-BE6D-9040D32F2EEC}.Debug|Any CPU.Build.0 = Debug|Any CPU
		{CECC366B-76F2-4C95-BE6D-9040D32F2EEC}.Release|Any CPU.ActiveCfg = Release|Any CPU
		{CECC366B-76F2-4C95-BE6D-9040D32F2EEC}.Release|Any CPU.Build.0 = Release|Any CPU
		{F5D2D45D-C229-45CC-8E68-D59BF269A548}.Debug|Any CPU.ActiveCfg = Debug|Any CPU
		{F5D2D45D-C229-45CC-8E68-D59BF269A548}.Debug|Any CPU.Build.0 = Debug|Any CPU
		{F5D2D45D-C229-45CC-8E68-D59BF269A548}.Release|Any CPU.ActiveCfg = Release|Any CPU
		{F5D2D45D-C229-45CC-8E68-D59BF269A548}.Release|Any CPU.Build.0 = Release|Any CPU
	EndGlobalSection
	GlobalSection(SolutionProperties) = preSolution
		HideSolutionNode = FALSE
	EndGlobalSection
	GlobalSection(ExtensibilityGlobals) = postSolution
		SolutionGuid = {6D26921D-942F-4728-B924-C68128C523CB}
	EndGlobalSection
EndGlobal
